
Microsoft Visual Studio Solution File, Format Version 12.00
# Visual Studio Version 16
VisualStudioVersion = 16.0.30621.155
MinimumVisualStudioVersion = 10.0.40219.1
Project("{FAE04EC0-301F-11D3-BF4B-00C04F79EFBC}") = "QUANLYDIEM", "QUANLYDIEM\QUANLYDIEM.csproj", "{2B30D0EE-1228-4536-B0A0-83E03E3A5FBF}"
EndProject
Project("{FAE04EC0-301F-11D3-BF4B-00C04F79EFBC}") = "DTO", "DTO\DTO.csproj", "{42C15580-5AE0-49A0-8ACD-5AD5412EFFF6}"
EndProject
Project("{FAE04EC0-301F-11D3-BF4B-00C04F79EFBC}") = "DAO", "DAO\DAO.csproj", "{2F9814E6-0302-4021-AF62-D6733C547E25}"
EndProject
Project("{FAE04EC0-301F-11D3-BF4B-00C04F79EFBC}") = "BLL", "BLL\BLL.csproj", "{E9F4BE2C-576E-45C6-98D4-E8326F48380B}"
EndProject
Project("{FAE04EC0-301F-11D3-BF4B-00C04F79EFBC}") = "Utility", "Utility\Utility.csproj", "{33F37BFA-474E-474D-9146-63981D3B8353}"
EndProject
Global
	GlobalSection(SolutionConfigurationPlatforms) = preSolution
		Debug|Any CPU = Debug|Any CPU
		Release|Any CPU = Release|Any CPU
	EndGlobalSection
	GlobalSection(ProjectConfigurationPlatforms) = postSolution
		{2B30D0EE-1228-4536-B0A0-83E03E3A5FBF}.Debug|Any CPU.ActiveCfg = Debug|Any CPU
		{2B30D0EE-1228-4536-B0A0-83E03E3A5FBF}.Debug|Any CPU.Build.0 = Debug|Any CPU
		{2B30D0EE-1228-4536-B0A0-83E03E3A5FBF}.Release|Any CPU.ActiveCfg = Release|Any CPU
		{2B30D0EE-1228-4536-B0A0-83E03E3A5FBF}.Release|Any CPU.Build.0 = Release|Any CPU
		{42C15580-5AE0-49A0-8ACD-5AD5412EFFF6}.Debug|Any CPU.ActiveCfg = Debug|Any CPU
		{42C15580-5AE0-49A0-8ACD-5AD5412EFFF6}.Debug|Any CPU.Build.0 = Debug|Any CPU
		{42C15580-5AE0-49A0-8ACD-5AD5412EFFF6}.Release|Any CPU.ActiveCfg = Release|Any CPU
		{42C15580-5AE0-49A0-8ACD-5AD5412EFFF6}.Release|Any CPU.Build.0 = Release|Any CPU
		{2F9814E6-0302-4021-AF62-D6733C547E25}.Debug|Any CPU.ActiveCfg = Debug|Any CPU
		{2F9814E6-0302-4021-AF62-D6733C547E25}.Debug|Any CPU.Build.0 = Debug|Any CPU
		{2F9814E6-0302-4021-AF62-D6733C547E25}.Release|Any CPU.ActiveCfg = Release|Any CPU
		{2F9814E6-0302-4021-AF62-D6733C547E25}.Release|Any CPU.Build.0 = Release|Any CPU
		{E9F4BE2C-576E-45C6-98D4-E8326F48380B}.Debug|Any CPU.ActiveCfg = Debug|Any CPU
		{E9F4BE2C-576E-45C6-98D4-E8326F48380B}.Debug|Any CPU.Build.0 = Debug|Any CPU
		{E9F4BE2C-576E-45C6-98D4-E8326F48380B}.Release|Any CPU.ActiveCfg = Release|Any CPU
		{E9F4BE2C-576E-45C6-98D4-E8326F48380B}.Release|Any CPU.Build.0 = Release|Any CPU
		{33F37BFA-474E-474D-9146-63981D3B8353}.Debug|Any CPU.ActiveCfg = Debug|Any CPU
		{33F37BFA-474E-474D-9146-63981D3B8353}.Debug|Any CPU.Build.0 = Debug|Any CPU
		{33F37BFA-474E-474D-9146-63981D3B8353}.Release|Any CPU.ActiveCfg = Release|Any CPU
		{33F37BFA-474E-474D-9146-63981D3B8353}.Release|Any CPU.Build.0 = Release|Any CPU
	EndGlobalSection
	GlobalSection(SolutionProperties) = preSolution
		HideSolutionNode = FALSE
	EndGlobalSection
	GlobalSection(ExtensibilityGlobals) = postSolution
		SolutionGuid = {8892961B-D03B-425C-91D8-DEADB5BC4805}
	EndGlobalSection
EndGlobal
